
Microsoft Visual Studio Solution File, Format Version 12.00
# Visual Studio 2012
Project("{FAE04EC0-301F-11D3-BF4B-00C04F79EFBC}") = "Chronometer.iOS", "iOS\Chronometer.iOS.csproj", "{6C6B93F5-B641-42E6-8CBF-06F444951E2E}"
EndProject
Project("{FAE04EC0-301F-11D3-BF4B-00C04F79EFBC}") = "Chronometer.Droid", "Droid\Chronometer.Droid.csproj", "{C166A5D4-0C18-4E67-B052-95BFE42FB032}"
EndProject
Project("{D954291E-2A0B-460D-934E-DC6B0785DB48}") = "Chronometer", "Chronometer\Chronometer.shproj", "{71BA543B-6A31-4007-9C4F-9872631B6208}"
EndProject
Project("{FAE04EC0-301F-11D3-BF4B-00C04F79EFBC}") = "Chronometer.UITests", "UITests\Chronometer.UITests.csproj", "{699E007F-F49B-4631-9163-81D2F67941B4}"
EndProject
Global
	GlobalSection(SolutionConfigurationPlatforms) = preSolution
		Debug|iPhoneSimulator = Debug|iPhoneSimulator
		Release|iPhone = Release|iPhone
		Release|iPhoneSimulator = Release|iPhoneSimulator
		Debug|iPhone = Debug|iPhone
		Debug|Any CPU = Debug|Any CPU
		Release|Any CPU = Release|Any CPU
	EndGlobalSection
	GlobalSection(ProjectConfigurationPlatforms) = postSolution
		{699E007F-F49B-4631-9163-81D2F67941B4}.Debug|Any CPU.ActiveCfg = Debug|Any CPU
		{699E007F-F49B-4631-9163-81D2F67941B4}.Debug|Any CPU.Build.0 = Debug|Any CPU
		{699E007F-F49B-4631-9163-81D2F67941B4}.Debug|iPhone.ActiveCfg = Debug|Any CPU
		{699E007F-F49B-4631-9163-81D2F67941B4}.Debug|iPhone.Build.0 = Debug|Any CPU
		{699E007F-F49B-4631-9163-81D2F67941B4}.Debug|iPhoneSimulator.ActiveCfg = Debug|Any CPU
		{699E007F-F49B-4631-9163-81D2F67941B4}.Debug|iPhoneSimulator.Build.0 = Debug|Any CPU
		{699E007F-F49B-4631-9163-81D2F67941B4}.Release|Any CPU.ActiveCfg = Release|Any CPU
		{699E007F-F49B-4631-9163-81D2F67941B4}.Release|Any CPU.Build.0 = Release|Any CPU
		{699E007F-F49B-4631-9163-81D2F67941B4}.Release|iPhone.ActiveCfg = Release|Any CPU
		{699E007F-F49B-4631-9163-81D2F67941B4}.Release|iPhone.Build.0 = Release|Any CPU
		{699E007F-F49B-4631-9163-81D2F67941B4}.Release|iPhoneSimulator.ActiveCfg = Release|Any CPU
		{699E007F-F49B-4631-9163-81D2F67941B4}.Release|iPhoneSimulator.Build.0 = Release|Any CPU
		{6C6B93F5-B641-42E6-8CBF-06F444951E2E}.Debug|Any CPU.ActiveCfg = Debug|iPhoneSimulator
		{6C6B93F5-B641-42E6-8CBF-06F444951E2E}.Debug|Any CPU.Build.0 = Debug|iPhoneSimulator
		{6C6B93F5-B641-42E6-8CBF-06F444951E2E}.Debug|iPhone.ActiveCfg = Debug|iPhone
		{6C6B93F5-B641-42E6-8CBF-06F444951E2E}.Debug|iPhone.Build.0 = Debug|iPhone
		{6C6B93F5-B641-42E6-8CBF-06F444951E2E}.Debug|iPhoneSimulator.ActiveCfg = Debug|iPhoneSimulator
		{6C6B93F5-B641-42E6-8CBF-06F444951E2E}.Debug|iPhoneSimulator.Build.0 = Debug|iPhoneSimulator
		{6C6B93F5-B641-42E6-8CBF-06F444951E2E}.Release|Any CPU.ActiveCfg = Release|iPhone
		{6C6B93F5-B641-42E6-8CBF-06F444951E2E}.Release|Any CPU.Build.0 = Release|iPhone
		{6C6B93F5-B641-42E6-8CBF-06F444951E2E}.Release|iPhone.ActiveCfg = Release|iPhone
		{6C6B93F5-B641-42E6-8CBF-06F444951E2E}.Release|iPhone.Build.0 = Release|iPhone
		{6C6B93F5-B641-42E6-8CBF-06F444951E2E}.Release|iPhoneSimulator.ActiveCfg = Release|iPhoneSimulator
		{6C6B93F5-B641-42E6-8CBF-06F444951E2E}.Release|iPhoneSimulator.Build.0 = Release|iPhoneSimulator
		{C166A5D4-0C18-4E67-B052-95BFE42FB032}.Debug|Any CPU.ActiveCfg = Debug|Any CPU
		{C166A5D4-0C18-4E67-B052-95BFE42FB032}.Debug|Any CPU.Build.0 = Debug|Any CPU
		{C166A5D4-0C18-4E67-B052-95BFE42FB032}.Debug|iPhone.ActiveCfg = Debug|Any CPU
		{C166A5D4-0C18-4E67-B052-95BFE42FB032}.Debug|iPhone.Build.0 = Debug|Any CPU
		{C166A5D4-0C18-4E67-B052-95BFE42FB032}.Debug|iPhoneSimulator.ActiveCfg = Debug|Any CPU
		{C166A5D4-0C18-4E67-B052-95BFE42FB032}.Debug|iPhoneSimulator.Build.0 = Debug|Any CPU
		{C166A5D4-0C18-4E67-B052-95BFE42FB032}.Release|Any CPU.ActiveCfg = Release|Any CPU
		{C166A5D4-0C18-4E67-B052-95BFE42FB032}.Release|Any CPU.Build.0 = Release|Any CPU
		{C166A5D4-0C18-4E67-B052-95BFE42FB032}.Release|iPhone.ActiveCfg = Release|Any CPU
		{C166A5D4-0C18-4E67-B052-95BFE42FB032}.Release|iPhone.Build.0 = Release|Any CPU
		{C166A5D4-0C18-4E67-B052-95BFE42FB032}.Release|iPhoneSimulator.ActiveCfg = Release|Any CPU
		{C166A5D4-0C18-4E67-B052-95BFE42FB032}.Release|iPhoneSimulator.Build.0 = Release|Any CPU
	EndGlobalSection
EndGlobal
