
Microsoft Visual Studio Solution File, Format Version 12.00
# Visual Studio 2012
Project("{FAE04EC0-301F-11D3-BF4B-00C04F79EFBC}") = "Droid", "Chronometer\Droid.csproj", "{821ED8E2-8E71-4F0F-804B-174C9FE69D60}"
EndProject
Project("{FAE04EC0-301F-11D3-BF4B-00C04F79EFBC}") = "Chronometer.UITests", "Chronometer.UITests\Chronometer.UITests.csproj", "{9105B5FA-810C-42C6-8938-CBDCE4CCB0C4}"
EndProject
Project("{D954291E-2A0B-460D-934E-DC6B0785DB48}") = "Core", "Core\Core.shproj", "{F3DE6C1B-EFA2-4D79-849F-0CE7F578B48C}"
EndProject
Global
	GlobalSection(SolutionConfigurationPlatforms) = preSolution
		Debug|Any CPU = Debug|Any CPU
		Release|Any CPU = Release|Any CPU
	EndGlobalSection
	GlobalSection(ProjectConfigurationPlatforms) = postSolution
		{821ED8E2-8E71-4F0F-804B-174C9FE69D60}.Debug|Any CPU.ActiveCfg = Debug|Any CPU
		{821ED8E2-8E71-4F0F-804B-174C9FE69D60}.Debug|Any CPU.Build.0 = Debug|Any CPU
		{821ED8E2-8E71-4F0F-804B-174C9FE69D60}.Release|Any CPU.ActiveCfg = Release|Any CPU
		{821ED8E2-8E71-4F0F-804B-174C9FE69D60}.Release|Any CPU.Build.0 = Release|Any CPU
		{9105B5FA-810C-42C6-8938-CBDCE4CCB0C4}.Debug|Any CPU.ActiveCfg = Debug|Any CPU
		{9105B5FA-810C-42C6-8938-CBDCE4CCB0C4}.Debug|Any CPU.Build.0 = Debug|Any CPU
		{9105B5FA-810C-42C6-8938-CBDCE4CCB0C4}.Release|Any CPU.ActiveCfg = Release|Any CPU
		{9105B5FA-810C-42C6-8938-CBDCE4CCB0C4}.Release|Any CPU.Build.0 = Release|Any CPU
	EndGlobalSection
EndGlobal
